// !$*UTF8*$!
{
	archiveVersion = 1;
	classes = {
	};
	objectVersion = 48;
	objects = {

/* Begin PBXBuildFile section */
		0F6CAF4AC9A3062E35E1BAF0 /* Pods_RYPoetry.framework in Frameworks */ = {isa = PBXBuildFile; fileRef = 0A265A432EA01821B38D762E /* Pods_RYPoetry.framework */; };
		4A12977E1F95962100A021BA /* RPPoetryDetailController.swift in Sources */ = {isa = PBXBuildFile; fileRef = 4A12977D1F95962100A021BA /* RPPoetryDetailController.swift */; };
		4A1297801F959A0100A021BA /* RPPoetryDetailCell.swift in Sources */ = {isa = PBXBuildFile; fileRef = 4A12977F1F959A0100A021BA /* RPPoetryDetailCell.swift */; };
		4A1297821F959E5A00A021BA /* RPMain.storyboard in Resources */ = {isa = PBXBuildFile; fileRef = 4A1297811F959E5A00A021BA /* RPMain.storyboard */; };
		4A1297841F959E9E00A021BA /* RPNaviController.swift in Sources */ = {isa = PBXBuildFile; fileRef = 4A1297831F959E9E00A021BA /* RPNaviController.swift */; };
		4A1297861F959F2200A021BA /* RPMainController.swift in Sources */ = {isa = PBXBuildFile; fileRef = 4A1297851F959F2200A021BA /* RPMainController.swift */; };
		4A12978B1F95A34800A021BA /* RPMainCell.swift in Sources */ = {isa = PBXBuildFile; fileRef = 4A12978A1F95A34800A021BA /* RPMainCell.swift */; };
		4A12978D1F95A83300A021BA /* RPPoetryDetailCell.xib in Resources */ = {isa = PBXBuildFile; fileRef = 4A12978C1F95A83200A021BA /* RPPoetryDetailCell.xib */; };
		4A5F03271F7CFE8700199F0D /* AppDelegate.swift in Sources */ = {isa = PBXBuildFile; fileRef = 4A5F03261F7CFE8700199F0D /* AppDelegate.swift */; };
		4A5F032E1F7CFE8700199F0D /* Assets.xcassets in Resources */ = {isa = PBXBuildFile; fileRef = 4A5F032D1F7CFE8700199F0D /* Assets.xcassets */; };
		4A5F033C1F7CFE8700199F0D /* RYPoetryTests.swift in Sources */ = {isa = PBXBuildFile; fileRef = 4A5F033B1F7CFE8700199F0D /* RYPoetryTests.swift */; };
		4A5F03471F7CFE8700199F0D /* RYPoetryUITests.swift in Sources */ = {isa = PBXBuildFile; fileRef = 4A5F03461F7CFE8700199F0D /* RYPoetryUITests.swift */; };
		4AB296B31F7D485900004273 /* FZZJ-HFXSJW.TTF in Resources */ = {isa = PBXBuildFile; fileRef = 4AFF4D8E1F7D378700E2EC01 /* FZZJ-HFXSJW.TTF */; };
		4AB7A8411F94AAA2006BE50C /* RPConstants.swift in Sources */ = {isa = PBXBuildFile; fileRef = 4AB7A8401F94AAA2006BE50C /* RPConstants.swift */; };
		4AFF4D8C1F7D361C00E2EC01 /* RYFontHelper.swift in Sources */ = {isa = PBXBuildFile; fileRef = 4AFF4D8B1F7D361C00E2EC01 /* RYFontHelper.swift */; };
/* End PBXBuildFile section */

/* Begin PBXContainerItemProxy section */
		4A5F03381F7CFE8700199F0D /* PBXContainerItemProxy */ = {
			isa = PBXContainerItemProxy;
			containerPortal = 4A5F031B1F7CFE8700199F0D /* Project object */;
			proxyType = 1;
			remoteGlobalIDString = 4A5F03221F7CFE8700199F0D;
			remoteInfo = RYPoetry;
		};
		4A5F03431F7CFE8700199F0D /* PBXContainerItemProxy */ = {
			isa = PBXContainerItemProxy;
			containerPortal = 4A5F031B1F7CFE8700199F0D /* Project object */;
			proxyType = 1;
			remoteGlobalIDString = 4A5F03221F7CFE8700199F0D;
			remoteInfo = RYPoetry;
		};
/* End PBXContainerItemProxy section */

/* Begin PBXFileReference section */
		0A265A432EA01821B38D762E /* Pods_RYPoetry.framework */ = {isa = PBXFileReference; explicitFileType = wrapper.framework; includeInIndex = 0; path = Pods_RYPoetry.framework; sourceTree = BUILT_PRODUCTS_DIR; };
		261FE57C88B43897E43CD64B /* Pods-RYPoetry.release.xcconfig */ = {isa = PBXFileReference; includeInIndex = 1; lastKnownFileType = text.xcconfig; name = "Pods-RYPoetry.release.xcconfig"; path = "Pods/Target Support Files/Pods-RYPoetry/Pods-RYPoetry.release.xcconfig"; sourceTree = "<group>"; };
		4A12977D1F95962100A021BA /* RPPoetryDetailController.swift */ = {isa = PBXFileReference; lastKnownFileType = sourcecode.swift; path = RPPoetryDetailController.swift; sourceTree = "<group>"; };
		4A12977F1F959A0100A021BA /* RPPoetryDetailCell.swift */ = {isa = PBXFileReference; lastKnownFileType = sourcecode.swift; path = RPPoetryDetailCell.swift; sourceTree = "<group>"; };
		4A1297811F959E5A00A021BA /* RPMain.storyboard */ = {isa = PBXFileReference; lastKnownFileType = file.storyboard; path = RPMain.storyboard; sourceTree = "<group>"; };
		4A1297831F959E9E00A021BA /* RPNaviController.swift */ = {isa = PBXFileReference; lastKnownFileType = sourcecode.swift; path = RPNaviController.swift; sourceTree = "<group>"; };
		4A1297851F959F2200A021BA /* RPMainController.swift */ = {isa = PBXFileReference; lastKnownFileType = sourcecode.swift; path = RPMainController.swift; sourceTree = "<group>"; };
		4A12978A1F95A34800A021BA /* RPMainCell.swift */ = {isa = PBXFileReference; lastKnownFileType = sourcecode.swift; path = RPMainCell.swift; sourceTree = "<group>"; };
		4A12978C1F95A83200A021BA /* RPPoetryDetailCell.xib */ = {isa = PBXFileReference; lastKnownFileType = file.xib; path = RPPoetryDetailCell.xib; sourceTree = "<group>"; };
		4A5F03231F7CFE8700199F0D /* RYPoetry.app */ = {isa = PBXFileReference; explicitFileType = wrapper.application; includeInIndex = 0; path = RYPoetry.app; sourceTree = BUILT_PRODUCTS_DIR; };
		4A5F03261F7CFE8700199F0D /* AppDelegate.swift */ = {isa = PBXFileReference; lastKnownFileType = sourcecode.swift; path = AppDelegate.swift; sourceTree = "<group>"; };
		4A5F032D1F7CFE8700199F0D /* Assets.xcassets */ = {isa = PBXFileReference; lastKnownFileType = folder.assetcatalog; path = Assets.xcassets; sourceTree = "<group>"; };
		4A5F03321F7CFE8700199F0D /* Info.plist */ = {isa = PBXFileReference; lastKnownFileType = text.plist.xml; path = Info.plist; sourceTree = "<group>"; };
		4A5F03371F7CFE8700199F0D /* RYPoetryTests.xctest */ = {isa = PBXFileReference; explicitFileType = wrapper.cfbundle; includeInIndex = 0; path = RYPoetryTests.xctest; sourceTree = BUILT_PRODUCTS_DIR; };
		4A5F033B1F7CFE8700199F0D /* RYPoetryTests.swift */ = {isa = PBXFileReference; lastKnownFileType = sourcecode.swift; path = RYPoetryTests.swift; sourceTree = "<group>"; };
		4A5F033D1F7CFE8700199F0D /* Info.plist */ = {isa = PBXFileReference; lastKnownFileType = text.plist.xml; path = Info.plist; sourceTree = "<group>"; };
		4A5F03421F7CFE8700199F0D /* RYPoetryUITests.xctest */ = {isa = PBXFileReference; explicitFileType = wrapper.cfbundle; includeInIndex = 0; path = RYPoetryUITests.xctest; sourceTree = BUILT_PRODUCTS_DIR; };
		4A5F03461F7CFE8700199F0D /* RYPoetryUITests.swift */ = {isa = PBXFileReference; lastKnownFileType = sourcecode.swift; path = RYPoetryUITests.swift; sourceTree = "<group>"; };
		4A5F03481F7CFE8700199F0D /* Info.plist */ = {isa = PBXFileReference; lastKnownFileType = text.plist.xml; path = Info.plist; sourceTree = "<group>"; };
		4AB7A8401F94AAA2006BE50C /* RPConstants.swift */ = {isa = PBXFileReference; lastKnownFileType = sourcecode.swift; path = RPConstants.swift; sourceTree = "<group>"; };
		4AFF4D8B1F7D361C00E2EC01 /* RYFontHelper.swift */ = {isa = PBXFileReference; lastKnownFileType = sourcecode.swift; path = RYFontHelper.swift; sourceTree = "<group>"; };
		4AFF4D8E1F7D378700E2EC01 /* FZZJ-HFXSJW.TTF */ = {isa = PBXFileReference; lastKnownFileType = file; path = "FZZJ-HFXSJW.TTF"; sourceTree = "<group>"; };
		641393E7860C1FF27F6C0010 /* Pods-RYPoetry.debug.xcconfig */ = {isa = PBXFileReference; includeInIndex = 1; lastKnownFileType = text.xcconfig; name = "Pods-RYPoetry.debug.xcconfig"; path = "Pods/Target Support Files/Pods-RYPoetry/Pods-RYPoetry.debug.xcconfig"; sourceTree = "<group>"; };
/* End PBXFileReference section */

/* Begin PBXFrameworksBuildPhase section */
		4A5F03201F7CFE8700199F0D /* Frameworks */ = {
			isa = PBXFrameworksBuildPhase;
			buildActionMask = 2147483647;
			files = (
				0F6CAF4AC9A3062E35E1BAF0 /* Pods_RYPoetry.framework in Frameworks */,
			);
			runOnlyForDeploymentPostprocessing = 0;
		};
		4A5F03341F7CFE8700199F0D /* Frameworks */ = {
			isa = PBXFrameworksBuildPhase;
			buildActionMask = 2147483647;
			files = (
			);
			runOnlyForDeploymentPostprocessing = 0;
		};
		4A5F033F1F7CFE8700199F0D /* Frameworks */ = {
			isa = PBXFrameworksBuildPhase;
			buildActionMask = 2147483647;
			files = (
			);
			runOnlyForDeploymentPostprocessing = 0;
		};
/* End PBXFrameworksBuildPhase section */

/* Begin PBXGroup section */
		0DC97F5A7E964E622733CE98 /* Frameworks */ = {
			isa = PBXGroup;
			children = (
				0A265A432EA01821B38D762E /* Pods_RYPoetry.framework */,
			);
			name = Frameworks;
			sourceTree = "<group>";
		};
		4A5F031A1F7CFE8700199F0D = {
			isa = PBXGroup;
			children = (
				4A5F03251F7CFE8700199F0D /* RYPoetry */,
				4A5F033A1F7CFE8700199F0D /* RYPoetryTests */,
				4A5F03451F7CFE8700199F0D /* RYPoetryUITests */,
				4A5F03241F7CFE8700199F0D /* Products */,
				DE42807E47692E01E08697FD /* Pods */,
				0DC97F5A7E964E622733CE98 /* Frameworks */,
			);
			sourceTree = "<group>";
		};
		4A5F03241F7CFE8700199F0D /* Products */ = {
			isa = PBXGroup;
			children = (
				4A5F03231F7CFE8700199F0D /* RYPoetry.app */,
				4A5F03371F7CFE8700199F0D /* RYPoetryTests.xctest */,
				4A5F03421F7CFE8700199F0D /* RYPoetryUITests.xctest */,
			);
			name = Products;
			sourceTree = "<group>";
		};
		4A5F03251F7CFE8700199F0D /* RYPoetry */ = {
			isa = PBXGroup;
			children = (
				4A5F03321F7CFE8700199F0D /* Info.plist */,
				4AFF4D821F7D09AF00E2EC01 /* Units */,
				4AFF4D811F7D099900E2EC01 /* Classes */,
				4AFF4D801F7D07D800E2EC01 /* Resource */,
				4AFF4D7F1F7D07C300E2EC01 /* Main */,
			);
			path = RYPoetry;
			sourceTree = "<group>";
		};
		4A5F033A1F7CFE8700199F0D /* RYPoetryTests */ = {
			isa = PBXGroup;
			children = (
				4A5F033B1F7CFE8700199F0D /* RYPoetryTests.swift */,
				4A5F033D1F7CFE8700199F0D /* Info.plist */,
			);
			path = RYPoetryTests;
			sourceTree = "<group>";
		};
		4A5F03451F7CFE8700199F0D /* RYPoetryUITests */ = {
			isa = PBXGroup;
			children = (
				4A5F03461F7CFE8700199F0D /* RYPoetryUITests.swift */,
				4A5F03481F7CFE8700199F0D /* Info.plist */,
			);
			path = RYPoetryUITests;
			sourceTree = "<group>";
		};
		4A86B13E1F94890000B827A5 /* Controller */ = {
			isa = PBXGroup;
			children = (
				4A1297851F959F2200A021BA /* RPMainController.swift */,
				4A1297811F959E5A00A021BA /* RPMain.storyboard */,
				4A12977D1F95962100A021BA /* RPPoetryDetailController.swift */,
			);
			path = Controller;
			sourceTree = "<group>";
		};
		4A86B13F1F94891200B827A5 /* View */ = {
			isa = PBXGroup;
			children = (
				4A12977F1F959A0100A021BA /* RPPoetryDetailCell.swift */,
				4A12978C1F95A83200A021BA /* RPPoetryDetailCell.xib */,
				4A12978A1F95A34800A021BA /* RPMainCell.swift */,
			);
			path = View;
			sourceTree = "<group>";
		};
		4A86B1411F94891F00B827A5 /* Model */ = {
			isa = PBXGroup;
			children = (
			);
			path = Model;
			sourceTree = "<group>";
		};
		4AFF4D7F1F7D07C300E2EC01 /* Main */ = {
			isa = PBXGroup;
			children = (
				4A5F03261F7CFE8700199F0D /* AppDelegate.swift */,
				4A1297831F959E9E00A021BA /* RPNaviController.swift */,
			);
			path = Main;
			sourceTree = "<group>";
		};
		4AFF4D801F7D07D800E2EC01 /* Resource */ = {
			isa = PBXGroup;
			children = (
				4AFF4D8D1F7D377300E2EC01 /* Font */,
				4A5F032D1F7CFE8700199F0D /* Assets.xcassets */,
			);
			path = Resource;
			sourceTree = "<group>";
		};
		4AFF4D811F7D099900E2EC01 /* Classes */ = {
			isa = PBXGroup;
			children = (
				4AFF4D851F7D0A0100E2EC01 /* Mine */,
				4AFF4D841F7D09F900E2EC01 /* Home */,
				4AFF4D831F7D09EE00E2EC01 /* Welcome */,
			);
			path = Classes;
			sourceTree = "<group>";
		};
		4AFF4D821F7D09AF00E2EC01 /* Units */ = {
			isa = PBXGroup;
			children = (
				4AB7A8401F94AAA2006BE50C /* RPConstants.swift */,
				4AFF4D8A1F7D35CD00E2EC01 /* RYFontHelper */,
			);
			path = Units;
			sourceTree = "<group>";
		};
		4AFF4D831F7D09EE00E2EC01 /* Welcome */ = {
			isa = PBXGroup;
			children = (
			);
			path = Welcome;
			sourceTree = "<group>";
		};
		4AFF4D841F7D09F900E2EC01 /* Home */ = {
			isa = PBXGroup;
			children = (
				4A86B1411F94891F00B827A5 /* Model */,
				4A86B13F1F94891200B827A5 /* View */,
				4A86B13E1F94890000B827A5 /* Controller */,
			);
			path = Home;
			sourceTree = "<group>";
		};
		4AFF4D851F7D0A0100E2EC01 /* Mine */ = {
			isa = PBXGroup;
			children = (
			);
			path = Mine;
			sourceTree = "<group>";
		};
		4AFF4D8A1F7D35CD00E2EC01 /* RYFontHelper */ = {
			isa = PBXGroup;
			children = (
				4AFF4D8B1F7D361C00E2EC01 /* RYFontHelper.swift */,
			);
			path = RYFontHelper;
			sourceTree = "<group>";
		};
		4AFF4D8D1F7D377300E2EC01 /* Font */ = {
			isa = PBXGroup;
			children = (
				4AFF4D8E1F7D378700E2EC01 /* FZZJ-HFXSJW.TTF */,
			);
			path = Font;
			sourceTree = "<group>";
		};
		DE42807E47692E01E08697FD /* Pods */ = {
			isa = PBXGroup;
			children = (
				641393E7860C1FF27F6C0010 /* Pods-RYPoetry.debug.xcconfig */,
				261FE57C88B43897E43CD64B /* Pods-RYPoetry.release.xcconfig */,
			);
			name = Pods;
			sourceTree = "<group>";
		};
/* End PBXGroup section */

/* Begin PBXNativeTarget section */
		4A5F03221F7CFE8700199F0D /* RYPoetry */ = {
			isa = PBXNativeTarget;
			buildConfigurationList = 4A5F034B1F7CFE8700199F0D /* Build configuration list for PBXNativeTarget "RYPoetry" */;
			buildPhases = (
				2CB201127D70158DDA45654D /* [CP] Check Pods Manifest.lock */,
				4A5F031F1F7CFE8700199F0D /* Sources */,
				4A5F03201F7CFE8700199F0D /* Frameworks */,
				4A5F03211F7CFE8700199F0D /* Resources */,
				C255D56119675EF376B699CA /* [CP] Embed Pods Frameworks */,
				B3003966888CD45A1C42C8A8 /* [CP] Copy Pods Resources */,
			);
			buildRules = (
			);
			dependencies = (
			);
			name = RYPoetry;
			productName = RYPoetry;
			productReference = 4A5F03231F7CFE8700199F0D /* RYPoetry.app */;
			productType = "com.apple.product-type.application";
		};
		4A5F03361F7CFE8700199F0D /* RYPoetryTests */ = {
			isa = PBXNativeTarget;
			buildConfigurationList = 4A5F034E1F7CFE8700199F0D /* Build configuration list for PBXNativeTarget "RYPoetryTests" */;
			buildPhases = (
				4A5F03331F7CFE8700199F0D /* Sources */,
				4A5F03341F7CFE8700199F0D /* Frameworks */,
				4A5F03351F7CFE8700199F0D /* Resources */,
			);
			buildRules = (
			);
			dependencies = (
				4A5F03391F7CFE8700199F0D /* PBXTargetDependency */,
			);
			name = RYPoetryTests;
			productName = RYPoetryTests;
			productReference = 4A5F03371F7CFE8700199F0D /* RYPoetryTests.xctest */;
			productType = "com.apple.product-type.bundle.unit-test";
		};
		4A5F03411F7CFE8700199F0D /* RYPoetryUITests */ = {
			isa = PBXNativeTarget;
			buildConfigurationList = 4A5F03511F7CFE8700199F0D /* Build configuration list for PBXNativeTarget "RYPoetryUITests" */;
			buildPhases = (
				4A5F033E1F7CFE8700199F0D /* Sources */,
				4A5F033F1F7CFE8700199F0D /* Frameworks */,
				4A5F03401F7CFE8700199F0D /* Resources */,
			);
			buildRules = (
			);
			dependencies = (
				4A5F03441F7CFE8700199F0D /* PBXTargetDependency */,
			);
			name = RYPoetryUITests;
			productName = RYPoetryUITests;
			productReference = 4A5F03421F7CFE8700199F0D /* RYPoetryUITests.xctest */;
			productType = "com.apple.product-type.bundle.ui-testing";
		};
/* End PBXNativeTarget section */

/* Begin PBXProject section */
		4A5F031B1F7CFE8700199F0D /* Project object */ = {
			isa = PBXProject;
			attributes = {
				CLASSPREFIX = RP;
				LastSwiftUpdateCheck = 0900;
				LastUpgradeCheck = 0900;
				ORGANIZATIONNAME = RyukieSama;
				TargetAttributes = {
					4A5F03221F7CFE8700199F0D = {
						CreatedOnToolsVersion = 9.0;
						ProvisioningStyle = Automatic;
					};
					4A5F03361F7CFE8700199F0D = {
						CreatedOnToolsVersion = 9.0;
						ProvisioningStyle = Automatic;
						TestTargetID = 4A5F03221F7CFE8700199F0D;
					};
					4A5F03411F7CFE8700199F0D = {
						CreatedOnToolsVersion = 9.0;
						ProvisioningStyle = Automatic;
						TestTargetID = 4A5F03221F7CFE8700199F0D;
					};
				};
			};
			buildConfigurationList = 4A5F031E1F7CFE8700199F0D /* Build configuration list for PBXProject "RYPoetry" */;
			compatibilityVersion = "Xcode 8.0";
			developmentRegion = en;
			hasScannedForEncodings = 0;
			knownRegions = (
				en,
				Base,
			);
			mainGroup = 4A5F031A1F7CFE8700199F0D;
			productRefGroup = 4A5F03241F7CFE8700199F0D /* Products */;
			projectDirPath = "";
			projectRoot = "";
			targets = (
				4A5F03221F7CFE8700199F0D /* RYPoetry */,
				4A5F03361F7CFE8700199F0D /* RYPoetryTests */,
				4A5F03411F7CFE8700199F0D /* RYPoetryUITests */,
			);
		};
/* End PBXProject section */

/* Begin PBXResourcesBuildPhase section */
		4A5F03211F7CFE8700199F0D /* Resources */ = {
			isa = PBXResourcesBuildPhase;
			buildActionMask = 2147483647;
			files = (
				4AB296B31F7D485900004273 /* FZZJ-HFXSJW.TTF in Resources */,
				4A5F032E1F7CFE8700199F0D /* Assets.xcassets in Resources */,
				4A1297821F959E5A00A021BA /* RPMain.storyboard in Resources */,
				4A12978D1F95A83300A021BA /* RPPoetryDetailCell.xib in Resources */,
			);
			runOnlyForDeploymentPostprocessing = 0;
		};
		4A5F03351F7CFE8700199F0D /* Resources */ = {
			isa = PBXResourcesBuildPhase;
			buildActionMask = 2147483647;
			files = (
			);
			runOnlyForDeploymentPostprocessing = 0;
		};
		4A5F03401F7CFE8700199F0D /* Resources */ = {
			isa = PBXResourcesBuildPhase;
			buildActionMask = 2147483647;
			files = (
			);
			runOnlyForDeploymentPostprocessing = 0;
		};
/* End PBXResourcesBuildPhase section */

/* Begin PBXShellScriptBuildPhase section */
		2CB201127D70158DDA45654D /* [CP] Check Pods Manifest.lock */ = {
			isa = PBXShellScriptBuildPhase;
			buildActionMask = 2147483647;
			files = (
			);
			inputPaths = (
			);
			name = "[CP] Check Pods Manifest.lock";
			outputPaths = (
			);
			runOnlyForDeploymentPostprocessing = 0;
			shellPath = /bin/sh;
			shellScript = "diff \"${PODS_ROOT}/../Podfile.lock\" \"${PODS_ROOT}/Manifest.lock\" > /dev/null\nif [ $? != 0 ] ; then\n    # print error to STDERR\n    echo \"error: The sandbox is not in sync with the Podfile.lock. Run 'pod install' or update your CocoaPods installation.\" >&2\n    exit 1\nfi\n";
			showEnvVarsInLog = 0;
		};
		B3003966888CD45A1C42C8A8 /* [CP] Copy Pods Resources */ = {
			isa = PBXShellScriptBuildPhase;
			buildActionMask = 2147483647;
			files = (
			);
			inputPaths = (
			);
			name = "[CP] Copy Pods Resources";
			outputPaths = (
			);
			runOnlyForDeploymentPostprocessing = 0;
			shellPath = /bin/sh;
			shellScript = "\"${SRCROOT}/Pods/Target Support Files/Pods-RYPoetry/Pods-RYPoetry-resources.sh\"\n";
			showEnvVarsInLog = 0;
		};
		C255D56119675EF376B699CA /* [CP] Embed Pods Frameworks */ = {
			isa = PBXShellScriptBuildPhase;
			buildActionMask = 2147483647;
			files = (
			);
			inputPaths = (
			);
			name = "[CP] Embed Pods Frameworks";
			outputPaths = (
			);
			runOnlyForDeploymentPostprocessing = 0;
			shellPath = /bin/sh;
			shellScript = "\"${SRCROOT}/Pods/Target Support Files/Pods-RYPoetry/Pods-RYPoetry-frameworks.sh\"\n";
			showEnvVarsInLog = 0;
		};
/* End PBXShellScriptBuildPhase section */

/* Begin PBXSourcesBuildPhase section */
		4A5F031F1F7CFE8700199F0D /* Sources */ = {
			isa = PBXSourcesBuildPhase;
			buildActionMask = 2147483647;
			files = (
				4AFF4D8C1F7D361C00E2EC01 /* RYFontHelper.swift in Sources */,
				4AB7A8411F94AAA2006BE50C /* RPConstants.swift in Sources */,
				4A12977E1F95962100A021BA /* RPPoetryDetailController.swift in Sources */,
				4A12978B1F95A34800A021BA /* RPMainCell.swift in Sources */,
				4A1297861F959F2200A021BA /* RPMainController.swift in Sources */,
				4A5F03271F7CFE8700199F0D /* AppDelegate.swift in Sources */,
				4A1297801F959A0100A021BA /* RPPoetryDetailCell.swift in Sources */,
				4A1297841F959E9E00A021BA /* RPNaviController.swift in Sources */,
			);
			runOnlyForDeploymentPostprocessing = 0;
		};
		4A5F03331F7CFE8700199F0D /* Sources */ = {
			isa = PBXSourcesBuildPhase;
			buildActionMask = 2147483647;
			files = (
				4A5F033C1F7CFE8700199F0D /* RYPoetryTests.swift in Sources */,
			);
			runOnlyForDeploymentPostprocessing = 0;
		};
		4A5F033E1F7CFE8700199F0D /* Sources */ = {
			isa = PBXSourcesBuildPhase;
			buildActionMask = 2147483647;
			files = (
				4A5F03471F7CFE8700199F0D /* RYPoetryUITests.swift in Sources */,
			);
			runOnlyForDeploymentPostprocessing = 0;
		};
/* End PBXSourcesBuildPhase section */

/* Begin PBXTargetDependency section */
		4A5F03391F7CFE8700199F0D /* PBXTargetDependency */ = {
			isa = PBXTargetDependency;
			target = 4A5F03221F7CFE8700199F0D /* RYPoetry */;
			targetProxy = 4A5F03381F7CFE8700199F0D /* PBXContainerItemProxy */;
		};
		4A5F03441F7CFE8700199F0D /* PBXTargetDependency */ = {
			isa = PBXTargetDependency;
			target = 4A5F03221F7CFE8700199F0D /* RYPoetry */;
			targetProxy = 4A5F03431F7CFE8700199F0D /* PBXContainerItemProxy */;
		};
/* End PBXTargetDependency section */

/* Begin XCBuildConfiguration section */
		4A5F03491F7CFE8700199F0D /* Debug */ = {
			isa = XCBuildConfiguration;
			buildSettings = {
				ALWAYS_SEARCH_USER_PATHS = NO;
				CLANG_ANALYZER_NONNULL = YES;
				CLANG_ANALYZER_NUMBER_OBJECT_CONVERSION = YES_AGGRESSIVE;
				CLANG_CXX_LANGUAGE_STANDARD = "gnu++14";
				CLANG_CXX_LIBRARY = "libc++";
				CLANG_ENABLE_MODULES = YES;
				CLANG_ENABLE_OBJC_ARC = YES;
				CLANG_WARN_BLOCK_CAPTURE_AUTORELEASING = YES;
				CLANG_WARN_BOOL_CONVERSION = YES;
				CLANG_WARN_COMMA = YES;
				CLANG_WARN_CONSTANT_CONVERSION = YES;
				CLANG_WARN_DIRECT_OBJC_ISA_USAGE = YES_ERROR;
				CLANG_WARN_DOCUMENTATION_COMMENTS = YES;
				CLANG_WARN_EMPTY_BODY = YES;
				CLANG_WARN_ENUM_CONVERSION = YES;
				CLANG_WARN_INFINITE_RECURSION = YES;
				CLANG_WARN_INT_CONVERSION = YES;
				CLANG_WARN_NON_LITERAL_NULL_CONVERSION = YES;
				CLANG_WARN_OBJC_LITERAL_CONVERSION = YES;
				CLANG_WARN_OBJC_ROOT_CLASS = YES_ERROR;
				CLANG_WARN_RANGE_LOOP_ANALYSIS = YES;
				CLANG_WARN_STRICT_PROTOTYPES = YES;
				CLANG_WARN_SUSPICIOUS_MOVE = YES;
				CLANG_WARN_UNGUARDED_AVAILABILITY = YES_AGGRESSIVE;
				CLANG_WARN_UNREACHABLE_CODE = YES;
				CLANG_WARN__DUPLICATE_METHOD_MATCH = YES;
				CODE_SIGN_IDENTITY = "iPhone Developer";
				COPY_PHASE_STRIP = NO;
				DEBUG_INFORMATION_FORMAT = dwarf;
				ENABLE_STRICT_OBJC_MSGSEND = YES;
				ENABLE_TESTABILITY = YES;
				GCC_C_LANGUAGE_STANDARD = gnu11;
				GCC_DYNAMIC_NO_PIC = NO;
				GCC_NO_COMMON_BLOCKS = YES;
				GCC_OPTIMIZATION_LEVEL = 0;
				GCC_PREPROCESSOR_DEFINITIONS = (
					"DEBUG=1",
					"$(inherited)",
				);
				GCC_WARN_64_TO_32_BIT_CONVERSION = YES;
				GCC_WARN_ABOUT_RETURN_TYPE = YES_ERROR;
				GCC_WARN_UNDECLARED_SELECTOR = YES;
				GCC_WARN_UNINITIALIZED_AUTOS = YES_AGGRESSIVE;
				GCC_WARN_UNUSED_FUNCTION = YES;
				GCC_WARN_UNUSED_VARIABLE = YES;
				IPHONEOS_DEPLOYMENT_TARGET = 11.0;
				MTL_ENABLE_DEBUG_INFO = YES;
				ONLY_ACTIVE_ARCH = YES;
				SDKROOT = iphoneos;
				SWIFT_ACTIVE_COMPILATION_CONDITIONS = DEBUG;
				SWIFT_OPTIMIZATION_LEVEL = "-Onone";
			};
			name = Debug;
		};
		4A5F034A1F7CFE8700199F0D /* Release */ = {
			isa = XCBuildConfiguration;
			buildSettings = {
				ALWAYS_SEARCH_USER_PATHS = NO;
				CLANG_ANALYZER_NONNULL = YES;
				CLANG_ANALYZER_NUMBER_OBJECT_CONVERSION = YES_AGGRESSIVE;
				CLANG_CXX_LANGUAGE_STANDARD = "gnu++14";
				CLANG_CXX_LIBRARY = "libc++";
				CLANG_ENABLE_MODULES = YES;
				CLANG_ENABLE_OBJC_ARC = YES;
				CLANG_WARN_BLOCK_CAPTURE_AUTORELEASING = YES;
				CLANG_WARN_BOOL_CONVERSION = YES;
				CLANG_WARN_COMMA = YES;
				CLANG_WARN_CONSTANT_CONVERSION = YES;
				CLANG_WARN_DIRECT_OBJC_ISA_USAGE = YES_ERROR;
				CLANG_WARN_DOCUMENTATION_COMMENTS = YES;
				CLANG_WARN_EMPTY_BODY = YES;
				CLANG_WARN_ENUM_CONVERSION = YES;
				CLANG_WARN_INFINITE_RECURSION = YES;
				CLANG_WARN_INT_CONVERSION = YES;
				CLANG_WARN_NON_LITERAL_NULL_CONVERSION = YES;
				CLANG_WARN_OBJC_LITERAL_CONVERSION = YES;
				CLANG_WARN_OBJC_ROOT_CLASS = YES_ERROR;
				CLANG_WARN_RANGE_LOOP_ANALYSIS = YES;
				CLANG_WARN_STRICT_PROTOTYPES = YES;
				CLANG_WARN_SUSPICIOUS_MOVE = YES;
				CLANG_WARN_UNGUARDED_AVAILABILITY = YES_AGGRESSIVE;
				CLANG_WARN_UNREACHABLE_CODE = YES;
				CLANG_WARN__DUPLICATE_METHOD_MATCH = YES;
				CODE_SIGN_IDENTITY = "iPhone Developer";
				COPY_PHASE_STRIP = NO;
				DEBUG_INFORMATION_FORMAT = "dwarf-with-dsym";
				ENABLE_NS_ASSERTIONS = NO;
				ENABLE_STRICT_OBJC_MSGSEND = YES;
				GCC_C_LANGUAGE_STANDARD = gnu11;
				GCC_NO_COMMON_BLOCKS = YES;
				GCC_WARN_64_TO_32_BIT_CONVERSION = YES;
				GCC_WARN_ABOUT_RETURN_TYPE = YES_ERROR;
				GCC_WARN_UNDECLARED_SELECTOR = YES;
				GCC_WARN_UNINITIALIZED_AUTOS = YES_AGGRESSIVE;
				GCC_WARN_UNUSED_FUNCTION = YES;
				GCC_WARN_UNUSED_VARIABLE = YES;
				IPHONEOS_DEPLOYMENT_TARGET = 11.0;
				MTL_ENABLE_DEBUG_INFO = NO;
				SDKROOT = iphoneos;
				SWIFT_OPTIMIZATION_LEVEL = "-Owholemodule";
				VALIDATE_PRODUCT = YES;
			};
			name = Release;
		};
		4A5F034C1F7CFE8700199F0D /* Debug */ = {
			isa = XCBuildConfiguration;
			baseConfigurationReference = 641393E7860C1FF27F6C0010 /* Pods-RYPoetry.debug.xcconfig */;
			buildSettings = {
				ASSETCATALOG_COMPILER_APPICON_NAME = AppIcon;
				ASSETCATALOG_COMPILER_LAUNCHIMAGE_NAME = LaunchImage;
				CODE_SIGN_STYLE = Automatic;
				DEVELOPMENT_TEAM = 9AV5M9QCT9;
				INFOPLIST_FILE = RYPoetry/Info.plist;
				IPHONEOS_DEPLOYMENT_TARGET = 9.0;
				LD_RUNPATH_SEARCH_PATHS = "$(inherited) @executable_path/Frameworks";
				PRODUCT_BUNDLE_IDENTIFIER = cn.Ryukie.Sama.RYPoetry;
				PRODUCT_NAME = "$(TARGET_NAME)";
				SWIFT_VERSION = 4.0;
				TARGETED_DEVICE_FAMILY = 1;
			};
			name = Debug;
		};
		4A5F034D1F7CFE8700199F0D /* Release */ = {
			isa = XCBuildConfiguration;
			baseConfigurationReference = 261FE57C88B43897E43CD64B /* Pods-RYPoetry.release.xcconfig */;
			buildSettings = {
				ASSETCATALOG_COMPILER_APPICON_NAME = AppIcon;
				ASSETCATALOG_COMPILER_LAUNCHIMAGE_NAME = LaunchImage;
				CODE_SIGN_STYLE = Automatic;
				DEVELOPMENT_TEAM = 9AV5M9QCT9;
				INFOPLIST_FILE = RYPoetry/Info.plist;
				IPHONEOS_DEPLOYMENT_TARGET = 9.0;
				LD_RUNPATH_SEARCH_PATHS = "$(inherited) @executable_path/Frameworks";
				PRODUCT_BUNDLE_IDENTIFIER = cn.Ryukie.Sama.RYPoetry;
				PRODUCT_NAME = "$(TARGET_NAME)";
				SWIFT_VERSION = 4.0;
				TARGETED_DEVICE_FAMILY = 1;
			};
			name = Release;
		};
		4A5F034F1F7CFE8700199F0D /* Debug */ = {
			isa = XCBuildConfiguration;
			buildSettings = {
				ALWAYS_EMBED_SWIFT_STANDARD_LIBRARIES = YES;
				BUNDLE_LOADER = "$(TEST_HOST)";
				CODE_SIGN_STYLE = Automatic;
				DEVELOPMENT_TEAM = 9AV5M9QCT9;
				INFOPLIST_FILE = RYPoetryTests/Info.plist;
				LD_RUNPATH_SEARCH_PATHS = "$(inherited) @executable_path/Frameworks @loader_path/Frameworks";
				PRODUCT_BUNDLE_IDENTIFIER = cn.Ryukie.Sama.RYPoetryTests;
				PRODUCT_NAME = "$(TARGET_NAME)";
				SWIFT_VERSION = 4.0;
				TARGETED_DEVICE_FAMILY = "1,2";
				TEST_HOST = "$(BUILT_PRODUCTS_DIR)/RYPoetry.app/RYPoetry";
			};
			name = Debug;
		};
		4A5F03501F7CFE8700199F0D /* Release */ = {
			isa = XCBuildConfiguration;
			buildSettings = {
				ALWAYS_EMBED_SWIFT_STANDARD_LIBRARIES = YES;
				BUNDLE_LOADER = "$(TEST_HOST)";
				CODE_SIGN_STYLE = Automatic;
				DEVELOPMENT_TEAM = 9AV5M9QCT9;
				INFOPLIST_FILE = RYPoetryTests/Info.plist;
				LD_RUNPATH_SEARCH_PATHS = "$(inherited) @executable_path/Frameworks @loader_path/Frameworks";
				PRODUCT_BUNDLE_IDENTIFIER = cn.Ryukie.Sama.RYPoetryTests;
				PRODUCT_NAME = "$(TARGET_NAME)";
				SWIFT_VERSION = 4.0;
				TARGETED_DEVICE_FAMILY = "1,2";
				TEST_HOST = "$(BUILT_PRODUCTS_DIR)/RYPoetry.app/RYPoetry";
			};
			name = Release;
		};
		4A5F03521F7CFE8700199F0D /* Debug */ = {
			isa = XCBuildConfiguration;
			buildSettings = {
				ALWAYS_EMBED_SWIFT_STANDARD_LIBRARIES = YES;
				CODE_SIGN_STYLE = Automatic;
				DEVELOPMENT_TEAM = 9AV5M9QCT9;
				INFOPLIST_FILE = RYPoetryUITests/Info.plist;
				LD_RUNPATH_SEARCH_PATHS = "$(inherited) @executable_path/Frameworks @loader_path/Frameworks";
				PRODUCT_BUNDLE_IDENTIFIER = cn.Ryukie.Sama.RYPoetryUITests;
				PRODUCT_NAME = "$(TARGET_NAME)";
				SWIFT_VERSION = 4.0;
				TARGETED_DEVICE_FAMILY = "1,2";
				TEST_TARGET_NAME = RYPoetry;
			};
			name = Debug;
		};
		4A5F03531F7CFE8700199F0D /* Release */ = {
			isa = XCBuildConfiguration;
			buildSettings = {
				ALWAYS_EMBED_SWIFT_STANDARD_LIBRARIES = YES;
				CODE_SIGN_STYLE = Automatic;
				DEVELOPMENT_TEAM = 9AV5M9QCT9;
				INFOPLIST_FILE = RYPoetryUITests/Info.plist;
				LD_RUNPATH_SEARCH_PATHS = "$(inherited) @executable_path/Frameworks @loader_path/Frameworks";
				PRODUCT_BUNDLE_IDENTIFIER = cn.Ryukie.Sama.RYPoetryUITests;
				PRODUCT_NAME = "$(TARGET_NAME)";
				SWIFT_VERSION = 4.0;
				TARGETED_DEVICE_FAMILY = "1,2";
				TEST_TARGET_NAME = RYPoetry;
			};
			name = Release;
		};
/* End XCBuildConfiguration section */

/* Begin XCConfigurationList section */
		4A5F031E1F7CFE8700199F0D /* Build configuration list for PBXProject "RYPoetry" */ = {
			isa = XCConfigurationList;
			buildConfigurations = (
				4A5F03491F7CFE8700199F0D /* Debug */,
				4A5F034A1F7CFE8700199F0D /* Release */,
			);
			defaultConfigurationIsVisible = 0;
			defaultConfigurationName = Release;
		};
		4A5F034B1F7CFE8700199F0D /* Build configuration list for PBXNativeTarget "RYPoetry" */ = {
			isa = XCConfigurationList;
			buildConfigurations = (
				4A5F034C1F7CFE8700199F0D /* Debug */,
				4A5F034D1F7CFE8700199F0D /* Release */,
			);
			defaultConfigurationIsVisible = 0;
			defaultConfigurationName = Release;
		};
		4A5F034E1F7CFE8700199F0D /* Build configuration list for PBXNativeTarget "RYPoetryTests" */ = {
			isa = XCConfigurationList;
			buildConfigurations = (
				4A5F034F1F7CFE8700199F0D /* Debug */,
				4A5F03501F7CFE8700199F0D /* Release */,
			);
			defaultConfigurationIsVisible = 0;
			defaultConfigurationName = Release;
		};
		4A5F03511F7CFE8700199F0D /* Build configuration list for PBXNativeTarget "RYPoetryUITests" */ = {
			isa = XCConfigurationList;
			buildConfigurations = (
				4A5F03521F7CFE8700199F0D /* Debug */,
				4A5F03531F7CFE8700199F0D /* Release */,
			);
			defaultConfigurationIsVisible = 0;
			defaultConfigurationName = Release;
		};
/* End XCConfigurationList section */
	};
	rootObject = 4A5F031B1F7CFE8700199F0D /* Project object */;
}
