PODS:
  - Alamofire (4.5.1)
  - Kingfisher (4.1.1)
  - SQLite.swift (0.11.4):
    - SQLite.swift/standard (= 0.11.4)
  - SQLite.swift/standard (0.11.4)

DEPENDENCIES:
  - Alamofire (~> 4.5)
  - Kingfisher (~> 4.0)
  - SQLite.swift (~> 0.11.4)

SPEC CHECKSUMS:
  Alamofire: 2d95912bf4c34f164fdfc335872e8c312acaea4a
  Kingfisher: 6793a473357b5dbee42b0068ef203fe8325f259e
  SQLite.swift: 3e3bee21da701b5b9f87c4a672cb54f233505692

PODFILE CHECKSUM: da5f21da91d094f4cc8cd2ccd045e34b4bdf9287

COCOAPODS: 1.2.0
